<?xml version="1.0" encoding="utf-8"?>
<Project ToolsVersion="4.0" xmlns="http://schemas.microsoft.com/developer/msbuild/2003">
  <ItemGroup>
    <Filter Include="Source Files">
      <UniqueIdentifier>{4FC737F1-C7A5-4376-A066-2A32D752A2FF}</UniqueIdentifier>
      <Extensions>cpp;c;cc;cxx;def;odl;idl;hpj;bat;asm;asmx</Extensions>
    </Filter>
    <Filter Include="Header Files">
      <UniqueIdentifier>{93995380-89BD-4b04-88EB-625FBE52EBFB}</UniqueIdentifier>
      <Extensions>h;hh;hpp;hxx;hm;inl;inc;xsd</Extensions>
    </Filter>
    <Filter Include="Resource Files">
      <UniqueIdentifier>{67DA6AB6-F800-4c08-8B7A-83BB121AAD01}</UniqueIdentifier>
      <Extensions>rc;ico;cur;bmp;dlg;rc2;rct;bin;rgs;gif;jpg;jpeg;jpe;resx;tiff;tif;png;wav;mfcribbon-ms</Extensions>
    </Filter>
    <Filter Include="Header Files\Interfaces">
      <UniqueIdentifier>{96815fbb-c0f7-4beb-89f2-ba670fe036c8}</UniqueIdentifier>
    </Filter>
  </ItemGroup>
  <ItemGroup>
    <ClInclude Include="Defines.hpp">
      <Filter>Header Files</Filter>
    </ClInclude>
    <ClInclude Include="BattleArena.hpp">
      <Filter>Header Files</Filter>
    </ClInclude>
    <ClInclude Include="Scout.hpp">
      <Filter>Header Files</Filter>
    </ClInclude>
    <ClInclude Include="Defender.hpp">
      <Filter>Header Files</Filter>
    </ClInclude>
    <ClInclude Include="Warrior.hpp">
      <Filter>Header Files</Filter>
    </ClInclude>
    <ClInclude Include="Soldier.hpp">
      <Filter>Header Files</Filter>
    </ClInclude>
    <ClInclude Include="Armor.hpp">
      <Filter>Header Files</Filter>
    </ClInclude>
    <ClInclude Include="Weapon.hpp">
      <Filter>Header Files</Filter>
    </ClInclude>
    <ClInclude Include="CommandLine.hpp">
      <Filter>Header Files</Filter>
    </ClInclude>
    <ClInclude Include="CustomBot.hpp">
      <Filter>Header Files</Filter>
    </ClInclude>
    <ClInclude Include="RobotFactory.hpp">
      <Filter>Header Files</Filter>
    </ClInclude>
    <ClInclude Include="Robot.hpp">
      <Filter>Header Files\Interfaces</Filter>
    </ClInclude>
    <ClInclude Include="IRobotFactoryInterface.hpp">
      <Filter>Header Files\Interfaces</Filter>
    </ClInclude>
    <ClInclude Include="Sniper.hpp">
      <Filter>Header Files</Filter>
    </ClInclude>
    <ClInclude Include="IArena.h">
      <Filter>Header Files\Interfaces</Filter>
    </ClInclude>
    <ClInclude Include="RobotList.hpp">
      <Filter>Header Files</Filter>
    </ClInclude>
    <ClInclude Include="IArmor.hpp">
      <Filter>Header Files\Interfaces</Filter>
    </ClInclude>
  </ItemGroup>
  <ItemGroup>
    <ClCompile Include="Main.cpp">
      <Filter>Source Files</Filter>
    </ClCompile>
    <ClCompile Include="Robot.cpp">
      <Filter>Source Files</Filter>
    </ClCompile>
    <ClCompile Include="Weapon.cpp">
      <Filter>Source Files</Filter>
    </ClCompile>
    <ClCompile Include="Armor.cpp">
      <Filter>Source Files</Filter>
    </ClCompile>
    <ClCompile Include="Scout.cpp">
      <Filter>Source Files</Filter>
    </ClCompile>
    <ClCompile Include="Defender.cpp">
      <Filter>Source Files</Filter>
    </ClCompile>
    <ClCompile Include="Warrior.cpp">
      <Filter>Source Files</Filter>
    </ClCompile>
    <ClCompile Include="Soldier.cpp">
      <Filter>Source Files</Filter>
    </ClCompile>
    <ClCompile Include="CommandLine.cpp">
      <Filter>Source Files</Filter>
    </ClCompile>
    <ClCompile Include="CustomBot.cpp">
      <Filter>Source Files</Filter>
    </ClCompile>
    <ClCompile Include="BattleArena.cpp">
      <Filter>Source Files</Filter>
    </ClCompile>
    <ClCompile Include="RobotFactory.cpp">
      <Filter>Source Files</Filter>
    </ClCompile>
    <ClCompile Include="Sniper.cpp">
      <Filter>Source Files</Filter>
    </ClCompile>
    <ClCompile Include="RobotList.cpp">
      <Filter>Source Files</Filter>
    </ClCompile>
  </ItemGroup>
</Project>